
Microsoft Visual Studio Solution File, Format Version 12.00
# Visual Studio 14
VisualStudioVersion = 14.0.25420.1
MinimumVisualStudioVersion = 10.0.40219.1
Project("{FAE04EC0-301F-11D3-BF4B-00C04F79EFBC}") = "Demo01", "Demo01\Demo01.csproj", "{BF28E4A3-804B-466D-BF92-35082B720030}"
EndProject
Project("{FAE04EC0-301F-11D3-BF4B-00C04F79EFBC}") = "Demo02", "Demo02\Demo02.csproj", "{47F810A5-964D-4C07-B7E1-F29BD79DA9DE}"
EndProject
Project("{FAE04EC0-301F-11D3-BF4B-00C04F79EFBC}") = "ConsoleClient", "ConsoleClient\ConsoleClient.csproj", "{9B2A35DC-18F2-4CDB-BB4F-996E71579817}"
EndProject
Project("{FAE04EC0-301F-11D3-BF4B-00C04F79EFBC}") = "Base", "Base\Base.csproj", "{AA1F305E-369C-4F46-8FED-41E680D4452A}"
EndProject
Project("{FAE04EC0-301F-11D3-BF4B-00C04F79EFBC}") = "WebApplication1", "WebApplication1\WebApplication1.csproj", "{473F8DBA-9DDB-4722-B15E-1043C8C4A626}"
EndProject
Project("{FAE04EC0-301F-11D3-BF4B-00C04F79EFBC}") = "Ant.Email", "Ant.Email\Ant.Email.csproj", "{2CFF3F77-EC7F-4450-A8AF-A54B9F11DD42}"
EndProject
Global
	GlobalSection(SolutionConfigurationPlatforms) = preSolution
		Debug|Any CPU = Debug|Any CPU
		Release|Any CPU = Release|Any CPU
	EndGlobalSection
	GlobalSection(ProjectConfigurationPlatforms) = postSolution
		{BF28E4A3-804B-466D-BF92-35082B720030}.Debug|Any CPU.ActiveCfg = Debug|Any CPU
		{BF28E4A3-804B-466D-BF92-35082B720030}.Debug|Any CPU.Build.0 = Debug|Any CPU
		{BF28E4A3-804B-466D-BF92-35082B720030}.Release|Any CPU.ActiveCfg = Release|Any CPU
		{BF28E4A3-804B-466D-BF92-35082B720030}.Release|Any CPU.Build.0 = Release|Any CPU
		{47F810A5-964D-4C07-B7E1-F29BD79DA9DE}.Debug|Any CPU.ActiveCfg = Debug|Any CPU
		{47F810A5-964D-4C07-B7E1-F29BD79DA9DE}.Debug|Any CPU.Build.0 = Debug|Any CPU
		{47F810A5-964D-4C07-B7E1-F29BD79DA9DE}.Release|Any CPU.ActiveCfg = Release|Any CPU
		{47F810A5-964D-4C07-B7E1-F29BD79DA9DE}.Release|Any CPU.Build.0 = Release|Any CPU
		{9B2A35DC-18F2-4CDB-BB4F-996E71579817}.Debug|Any CPU.ActiveCfg = Debug|Any CPU
		{9B2A35DC-18F2-4CDB-BB4F-996E71579817}.Debug|Any CPU.Build.0 = Debug|Any CPU
		{9B2A35DC-18F2-4CDB-BB4F-996E71579817}.Release|Any CPU.ActiveCfg = Release|Any CPU
		{9B2A35DC-18F2-4CDB-BB4F-996E71579817}.Release|Any CPU.Build.0 = Release|Any CPU
		{AA1F305E-369C-4F46-8FED-41E680D4452A}.Debug|Any CPU.ActiveCfg = Debug|Any CPU
		{AA1F305E-369C-4F46-8FED-41E680D4452A}.Debug|Any CPU.Build.0 = Debug|Any CPU
		{AA1F305E-369C-4F46-8FED-41E680D4452A}.Release|Any CPU.ActiveCfg = Release|Any CPU
		{AA1F305E-369C-4F46-8FED-41E680D4452A}.Release|Any CPU.Build.0 = Release|Any CPU
		{473F8DBA-9DDB-4722-B15E-1043C8C4A626}.Debug|Any CPU.ActiveCfg = Debug|Any CPU
		{473F8DBA-9DDB-4722-B15E-1043C8C4A626}.Debug|Any CPU.Build.0 = Debug|Any CPU
		{473F8DBA-9DDB-4722-B15E-1043C8C4A626}.Release|Any CPU.ActiveCfg = Release|Any CPU
		{473F8DBA-9DDB-4722-B15E-1043C8C4A626}.Release|Any CPU.Build.0 = Release|Any CPU
		{2CFF3F77-EC7F-4450-A8AF-A54B9F11DD42}.Debug|Any CPU.ActiveCfg = Debug|Any CPU
		{2CFF3F77-EC7F-4450-A8AF-A54B9F11DD42}.Debug|Any CPU.Build.0 = Debug|Any CPU
		{2CFF3F77-EC7F-4450-A8AF-A54B9F11DD42}.Release|Any CPU.ActiveCfg = Release|Any CPU
		{2CFF3F77-EC7F-4450-A8AF-A54B9F11DD42}.Release|Any CPU.Build.0 = Release|Any CPU
	EndGlobalSection
	GlobalSection(SolutionProperties) = preSolution
		HideSolutionNode = FALSE
	EndGlobalSection
EndGlobal
